
Microsoft Visual Studio Solution File, Format Version 12.00
# Visual Studio Version 16
VisualStudioVersion = 16.0.30907.101
MinimumVisualStudioVersion = 10.0.40219.1
Project("{9A19103F-16F7-4668-BE54-9A1E7A4F7556}") = "Bensinkostnad", "Bensinkostnad\Bensinkostnad.csproj", "{679B7244-EDD0-4205-BE01-80056F777A6F}"
EndProject
Project("{9A19103F-16F7-4668-BE54-9A1E7A4F7556}") = "Tapetrullar", "Tapetrullar\Tapetrullar.csproj", "{A5127E5D-E0EA-4FF6-B88D-6EF5244F26B1}"
EndProject
Project("{9A19103F-16F7-4668-BE54-9A1E7A4F7556}") = "Mattetabell", "Mattetabell\Mattetabell.csproj", "{2B956497-48E4-4FFC-B031-D7736751157A}"
EndProject
Project("{9A19103F-16F7-4668-BE54-9A1E7A4F7556}") = "Radräknare", "Radräknare\Radräknare.csproj", "{758C83DE-A307-47EB-8A83-BDC75AB4B512}"
EndProject
Project("{9A19103F-16F7-4668-BE54-9A1E7A4F7556}") = "HurMångaTärningsslag", "HurMångaTärningsslag\HurMångaTärningsslag.csproj", "{85445EB3-F9DD-4FBF-BF94-BFB36B7A4E96}"
EndProject
Project("{9A19103F-16F7-4668-BE54-9A1E7A4F7556}") = "15Banken", "15Banken\15Banken.csproj", "{E14B4FA2-DCBF-44BA-85C9-7AAE96A98014}"
EndProject
Project("{9A19103F-16F7-4668-BE54-9A1E7A4F7556}") = "14MagiskaEnums", "14MagiskaEnums\14MagiskaEnums.csproj", "{36004090-2AEC-439F-A2AD-366662084A3F}"
EndProject
Project("{9A19103F-16F7-4668-BE54-9A1E7A4F7556}") = "13Yatzy", "13Yatzy\13Yatzy.csproj", "{DE937F74-A984-479E-A9E6-D50D5B30B4D6}"
EndProject
Project("{9A19103F-16F7-4668-BE54-9A1E7A4F7556}") = "12Arstider", "12Arstider\12Arstider.csproj", "{6B75BC4F-9762-49FF-82D6-1F1968116D51}"
EndProject
Project("{9A19103F-16F7-4668-BE54-9A1E7A4F7556}") = "10Kortidentifierare", "10Kortidentifierare\10Kortidentifierare.csproj", "{22E12891-C9D5-43B5-BA40-D814E7B880CF}"
EndProject
Project("{9A19103F-16F7-4668-BE54-9A1E7A4F7556}") = "9AllaKortLoop", "9AllaKortLoop\9AllaKortLoop.csproj", "{82ED8C2E-82F1-4637-B622-0BED37A30981}"
EndProject
Project("{9A19103F-16F7-4668-BE54-9A1E7A4F7556}") = "8BabyShark", "8BabyShark\8BabyShark.csproj", "{8154DC4C-3D7D-4643-8656-970559E6913E}"
EndProject
Project("{9A19103F-16F7-4668-BE54-9A1E7A4F7556}") = "07WhileVsDo", "07WhileVsDo\07WhileVsDo.csproj", "{A7C21D82-5E1F-4116-BF0D-DC21F4CD5C2F}"
EndProject
Project("{9A19103F-16F7-4668-BE54-9A1E7A4F7556}") = "06TvaTarningar", "06TvaTarningar\06TvaTarningar.csproj", "{66075E24-E8D9-4209-9242-F85E98555AC3}"
EndProject
Project("{9A19103F-16F7-4668-BE54-9A1E7A4F7556}") = "TryCatch", "TryCatch\TryCatch.csproj", "{46C6CE6B-1625-436A-A661-0D61A9DAFD40}"
EndProject
Project("{9A19103F-16F7-4668-BE54-9A1E7A4F7556}") = "VariousExercises", "VariousExercises\VariousExercises.csproj", "{991BC69A-F468-491A-AC95-54A14F3AD8AE}"
EndProject
Project("{9A19103F-16F7-4668-BE54-9A1E7A4F7556}") = "Parse", "Parse\Parse.csproj", "{3366A8A5-DAE2-4906-8781-B56B5E0867EF}"
EndProject
Project("{9A19103F-16F7-4668-BE54-9A1E7A4F7556}") = "PropertiesAndInheritance", "PropertiesAndInheritance\PropertiesAndInheritance.csproj", "{B1504AD4-45BF-49A6-A040-3C81FD78A535}"
EndProject
Project("{9A19103F-16F7-4668-BE54-9A1E7A4F7556}") = "Strings", "Strings\Strings.csproj", "{BB69F044-E672-4577-B315-7DA1AFDE8FB8}"
EndProject
Project("{9A19103F-16F7-4668-BE54-9A1E7A4F7556}") = "Switch", "Switch\Switch.csproj", "{597B39AD-6B13-42A8-B473-306A6B6B9DE4}"
EndProject
Project("{9A19103F-16F7-4668-BE54-9A1E7A4F7556}") = "Foreach_GeneriskaKollektioner", "Foreach_GeneriskaKollektioner\Foreach_GeneriskaKollektioner.csproj", "{83F5C83F-8C35-462C-8BAD-01841B15D2D3}"
EndProject
Project("{9A19103F-16F7-4668-BE54-9A1E7A4F7556}") = "While", "While\While.csproj", "{2FD0F1DE-89C8-467D-8F6E-4A3C55248AED}"
EndProject
Project("{9A19103F-16F7-4668-BE54-9A1E7A4F7556}") = "For", "For\For.csproj", "{9F520603-DAB2-4BBB-8D26-A34F52F90EBE}"
EndProject
Project("{FAE04EC0-301F-11D3-BF4B-00C04F79EFBC}") = "DateTime", "DateTime\DateTime.csproj", "{946C80E1-7AF0-49BC-9066-715C7B8728EC}"
EndProject
Global
	GlobalSection(SolutionConfigurationPlatforms) = preSolution
		Debug|Any CPU = Debug|Any CPU
		Release|Any CPU = Release|Any CPU
	EndGlobalSection
	GlobalSection(ProjectConfigurationPlatforms) = postSolution
		{679B7244-EDD0-4205-BE01-80056F777A6F}.Debug|Any CPU.ActiveCfg = Debug|Any CPU
		{679B7244-EDD0-4205-BE01-80056F777A6F}.Debug|Any CPU.Build.0 = Debug|Any CPU
		{679B7244-EDD0-4205-BE01-80056F777A6F}.Release|Any CPU.ActiveCfg = Release|Any CPU
		{679B7244-EDD0-4205-BE01-80056F777A6F}.Release|Any CPU.Build.0 = Release|Any CPU
		{A5127E5D-E0EA-4FF6-B88D-6EF5244F26B1}.Debug|Any CPU.ActiveCfg = Debug|Any CPU
		{A5127E5D-E0EA-4FF6-B88D-6EF5244F26B1}.Debug|Any CPU.Build.0 = Debug|Any CPU
		{A5127E5D-E0EA-4FF6-B88D-6EF5244F26B1}.Release|Any CPU.ActiveCfg = Release|Any CPU
		{A5127E5D-E0EA-4FF6-B88D-6EF5244F26B1}.Release|Any CPU.Build.0 = Release|Any CPU
		{2B956497-48E4-4FFC-B031-D7736751157A}.Debug|Any CPU.ActiveCfg = Debug|Any CPU
		{2B956497-48E4-4FFC-B031-D7736751157A}.Debug|Any CPU.Build.0 = Debug|Any CPU
		{2B956497-48E4-4FFC-B031-D7736751157A}.Release|Any CPU.ActiveCfg = Release|Any CPU
		{2B956497-48E4-4FFC-B031-D7736751157A}.Release|Any CPU.Build.0 = Release|Any CPU
		{758C83DE-A307-47EB-8A83-BDC75AB4B512}.Debug|Any CPU.ActiveCfg = Debug|Any CPU
		{758C83DE-A307-47EB-8A83-BDC75AB4B512}.Debug|Any CPU.Build.0 = Debug|Any CPU
		{758C83DE-A307-47EB-8A83-BDC75AB4B512}.Release|Any CPU.ActiveCfg = Release|Any CPU
		{758C83DE-A307-47EB-8A83-BDC75AB4B512}.Release|Any CPU.Build.0 = Release|Any CPU
		{85445EB3-F9DD-4FBF-BF94-BFB36B7A4E96}.Debug|Any CPU.ActiveCfg = Debug|Any CPU
		{85445EB3-F9DD-4FBF-BF94-BFB36B7A4E96}.Debug|Any CPU.Build.0 = Debug|Any CPU
		{85445EB3-F9DD-4FBF-BF94-BFB36B7A4E96}.Release|Any CPU.ActiveCfg = Release|Any CPU
		{85445EB3-F9DD-4FBF-BF94-BFB36B7A4E96}.Release|Any CPU.Build.0 = Release|Any CPU
		{E14B4FA2-DCBF-44BA-85C9-7AAE96A98014}.Debug|Any CPU.ActiveCfg = Debug|Any CPU
		{E14B4FA2-DCBF-44BA-85C9-7AAE96A98014}.Debug|Any CPU.Build.0 = Debug|Any CPU
		{E14B4FA2-DCBF-44BA-85C9-7AAE96A98014}.Release|Any CPU.ActiveCfg = Release|Any CPU
		{E14B4FA2-DCBF-44BA-85C9-7AAE96A98014}.Release|Any CPU.Build.0 = Release|Any CPU
		{36004090-2AEC-439F-A2AD-366662084A3F}.Debug|Any CPU.ActiveCfg = Debug|Any CPU
		{36004090-2AEC-439F-A2AD-366662084A3F}.Debug|Any CPU.Build.0 = Debug|Any CPU
		{36004090-2AEC-439F-A2AD-366662084A3F}.Release|Any CPU.ActiveCfg = Release|Any CPU
		{36004090-2AEC-439F-A2AD-366662084A3F}.Release|Any CPU.Build.0 = Release|Any CPU
		{DE937F74-A984-479E-A9E6-D50D5B30B4D6}.Debug|Any CPU.ActiveCfg = Debug|Any CPU
		{DE937F74-A984-479E-A9E6-D50D5B30B4D6}.Debug|Any CPU.Build.0 = Debug|Any CPU
		{DE937F74-A984-479E-A9E6-D50D5B30B4D6}.Release|Any CPU.ActiveCfg = Release|Any CPU
		{DE937F74-A984-479E-A9E6-D50D5B30B4D6}.Release|Any CPU.Build.0 = Release|Any CPU
		{6B75BC4F-9762-49FF-82D6-1F1968116D51}.Debug|Any CPU.ActiveCfg = Debug|Any CPU
		{6B75BC4F-9762-49FF-82D6-1F1968116D51}.Debug|Any CPU.Build.0 = Debug|Any CPU
		{6B75BC4F-9762-49FF-82D6-1F1968116D51}.Release|Any CPU.ActiveCfg = Release|Any CPU
		{6B75BC4F-9762-49FF-82D6-1F1968116D51}.Release|Any CPU.Build.0 = Release|Any CPU
		{22E12891-C9D5-43B5-BA40-D814E7B880CF}.Debug|Any CPU.ActiveCfg = Debug|Any CPU
		{22E12891-C9D5-43B5-BA40-D814E7B880CF}.Debug|Any CPU.Build.0 = Debug|Any CPU
		{22E12891-C9D5-43B5-BA40-D814E7B880CF}.Release|Any CPU.ActiveCfg = Release|Any CPU
		{22E12891-C9D5-43B5-BA40-D814E7B880CF}.Release|Any CPU.Build.0 = Release|Any CPU
		{82ED8C2E-82F1-4637-B622-0BED37A30981}.Debug|Any CPU.ActiveCfg = Debug|Any CPU
		{82ED8C2E-82F1-4637-B622-0BED37A30981}.Debug|Any CPU.Build.0 = Debug|Any CPU
		{82ED8C2E-82F1-4637-B622-0BED37A30981}.Release|Any CPU.ActiveCfg = Release|Any CPU
		{82ED8C2E-82F1-4637-B622-0BED37A30981}.Release|Any CPU.Build.0 = Release|Any CPU
		{8154DC4C-3D7D-4643-8656-970559E6913E}.Debug|Any CPU.ActiveCfg = Debug|Any CPU
		{8154DC4C-3D7D-4643-8656-970559E6913E}.Debug|Any CPU.Build.0 = Debug|Any CPU
		{8154DC4C-3D7D-4643-8656-970559E6913E}.Release|Any CPU.ActiveCfg = Release|Any CPU
		{8154DC4C-3D7D-4643-8656-970559E6913E}.Release|Any CPU.Build.0 = Release|Any CPU
		{A7C21D82-5E1F-4116-BF0D-DC21F4CD5C2F}.Debug|Any CPU.ActiveCfg = Debug|Any CPU
		{A7C21D82-5E1F-4116-BF0D-DC21F4CD5C2F}.Debug|Any CPU.Build.0 = Debug|Any CPU
		{A7C21D82-5E1F-4116-BF0D-DC21F4CD5C2F}.Release|Any CPU.ActiveCfg = Release|Any CPU
		{A7C21D82-5E1F-4116-BF0D-DC21F4CD5C2F}.Release|Any CPU.Build.0 = Release|Any CPU
		{66075E24-E8D9-4209-9242-F85E98555AC3}.Debug|Any CPU.ActiveCfg = Debug|Any CPU
		{66075E24-E8D9-4209-9242-F85E98555AC3}.Debug|Any CPU.Build.0 = Debug|Any CPU
		{66075E24-E8D9-4209-9242-F85E98555AC3}.Release|Any CPU.ActiveCfg = Release|Any CPU
		{66075E24-E8D9-4209-9242-F85E98555AC3}.Release|Any CPU.Build.0 = Release|Any CPU
		{46C6CE6B-1625-436A-A661-0D61A9DAFD40}.Debug|Any CPU.ActiveCfg = Debug|Any CPU
		{46C6CE6B-1625-436A-A661-0D61A9DAFD40}.Debug|Any CPU.Build.0 = Debug|Any CPU
		{46C6CE6B-1625-436A-A661-0D61A9DAFD40}.Release|Any CPU.ActiveCfg = Release|Any CPU
		{46C6CE6B-1625-436A-A661-0D61A9DAFD40}.Release|Any CPU.Build.0 = Release|Any CPU
		{991BC69A-F468-491A-AC95-54A14F3AD8AE}.Debug|Any CPU.ActiveCfg = Debug|Any CPU
		{991BC69A-F468-491A-AC95-54A14F3AD8AE}.Debug|Any CPU.Build.0 = Debug|Any CPU
		{991BC69A-F468-491A-AC95-54A14F3AD8AE}.Release|Any CPU.ActiveCfg = Release|Any CPU
		{991BC69A-F468-491A-AC95-54A14F3AD8AE}.Release|Any CPU.Build.0 = Release|Any CPU
		{3366A8A5-DAE2-4906-8781-B56B5E0867EF}.Debug|Any CPU.ActiveCfg = Debug|Any CPU
		{3366A8A5-DAE2-4906-8781-B56B5E0867EF}.Debug|Any CPU.Build.0 = Debug|Any CPU
		{3366A8A5-DAE2-4906-8781-B56B5E0867EF}.Release|Any CPU.ActiveCfg = Release|Any CPU
		{3366A8A5-DAE2-4906-8781-B56B5E0867EF}.Release|Any CPU.Build.0 = Release|Any CPU
		{B1504AD4-45BF-49A6-A040-3C81FD78A535}.Debug|Any CPU.ActiveCfg = Debug|Any CPU
		{B1504AD4-45BF-49A6-A040-3C81FD78A535}.Debug|Any CPU.Build.0 = Debug|Any CPU
		{B1504AD4-45BF-49A6-A040-3C81FD78A535}.Release|Any CPU.ActiveCfg = Release|Any CPU
		{B1504AD4-45BF-49A6-A040-3C81FD78A535}.Release|Any CPU.Build.0 = Release|Any CPU
		{BB69F044-E672-4577-B315-7DA1AFDE8FB8}.Debug|Any CPU.ActiveCfg = Debug|Any CPU
		{BB69F044-E672-4577-B315-7DA1AFDE8FB8}.Debug|Any CPU.Build.0 = Debug|Any CPU
		{BB69F044-E672-4577-B315-7DA1AFDE8FB8}.Release|Any CPU.ActiveCfg = Release|Any CPU
		{BB69F044-E672-4577-B315-7DA1AFDE8FB8}.Release|Any CPU.Build.0 = Release|Any CPU
		{597B39AD-6B13-42A8-B473-306A6B6B9DE4}.Debug|Any CPU.ActiveCfg = Debug|Any CPU
		{597B39AD-6B13-42A8-B473-306A6B6B9DE4}.Debug|Any CPU.Build.0 = Debug|Any CPU
		{597B39AD-6B13-42A8-B473-306A6B6B9DE4}.Release|Any CPU.ActiveCfg = Release|Any CPU
		{597B39AD-6B13-42A8-B473-306A6B6B9DE4}.Release|Any CPU.Build.0 = Release|Any CPU
		{83F5C83F-8C35-462C-8BAD-01841B15D2D3}.Debug|Any CPU.ActiveCfg = Debug|Any CPU
		{83F5C83F-8C35-462C-8BAD-01841B15D2D3}.Debug|Any CPU.Build.0 = Debug|Any CPU
		{83F5C83F-8C35-462C-8BAD-01841B15D2D3}.Release|Any CPU.ActiveCfg = Release|Any CPU
		{83F5C83F-8C35-462C-8BAD-01841B15D2D3}.Release|Any CPU.Build.0 = Release|Any CPU
		{2FD0F1DE-89C8-467D-8F6E-4A3C55248AED}.Debug|Any CPU.ActiveCfg = Debug|Any CPU
		{2FD0F1DE-89C8-467D-8F6E-4A3C55248AED}.Debug|Any CPU.Build.0 = Debug|Any CPU
		{2FD0F1DE-89C8-467D-8F6E-4A3C55248AED}.Release|Any CPU.ActiveCfg = Release|Any CPU
		{2FD0F1DE-89C8-467D-8F6E-4A3C55248AED}.Release|Any CPU.Build.0 = Release|Any CPU
		{9F520603-DAB2-4BBB-8D26-A34F52F90EBE}.Debug|Any CPU.ActiveCfg = Debug|Any CPU
		{9F520603-DAB2-4BBB-8D26-A34F52F90EBE}.Debug|Any CPU.Build.0 = Debug|Any CPU
		{9F520603-DAB2-4BBB-8D26-A34F52F90EBE}.Release|Any CPU.ActiveCfg = Release|Any CPU
		{9F520603-DAB2-4BBB-8D26-A34F52F90EBE}.Release|Any CPU.Build.0 = Release|Any CPU
		{946C80E1-7AF0-49BC-9066-715C7B8728EC}.Debug|Any CPU.ActiveCfg = Debug|Any CPU
		{946C80E1-7AF0-49BC-9066-715C7B8728EC}.Debug|Any CPU.Build.0 = Debug|Any CPU
		{946C80E1-7AF0-49BC-9066-715C7B8728EC}.Release|Any CPU.ActiveCfg = Release|Any CPU
		{946C80E1-7AF0-49BC-9066-715C7B8728EC}.Release|Any CPU.Build.0 = Release|Any CPU
	EndGlobalSection
	GlobalSection(SolutionProperties) = preSolution
		HideSolutionNode = FALSE
	EndGlobalSection
	GlobalSection(ExtensibilityGlobals) = postSolution
		SolutionGuid = {08F115B7-EA6A-43DE-B647-340123E52FEA}
	EndGlobalSection
EndGlobal
