
Microsoft Visual Studio Solution File, Format Version 12.00
# Visual Studio Version 16
VisualStudioVersion = 16.0.30907.101
MinimumVisualStudioVersion = 10.0.40219.1
Project("{9A19103F-16F7-4668-BE54-9A1E7A4F7556}") = "Bensinkostnad", "Bensinkostnad\Bensinkostnad.csproj", "{679B7244-EDD0-4205-BE01-80056F777A6F}"
EndProject
Project("{FAE04EC0-301F-11D3-BF4B-00C04F79EFBC}") = "Tapetrullar", "Tapetrullar\Tapetrullar.csproj", "{A5127E5D-E0EA-4FF6-B88D-6EF5244F26B1}"
EndProject
Project("{FAE04EC0-301F-11D3-BF4B-00C04F79EFBC}") = "Mattetabell", "Mattetabell\Mattetabell.csproj", "{2B956497-48E4-4FFC-B031-D7736751157A}"
EndProject
Global
	GlobalSection(SolutionConfigurationPlatforms) = preSolution
		Debug|Any CPU = Debug|Any CPU
		Release|Any CPU = Release|Any CPU
	EndGlobalSection
	GlobalSection(ProjectConfigurationPlatforms) = postSolution
		{679B7244-EDD0-4205-BE01-80056F777A6F}.Debug|Any CPU.ActiveCfg = Debug|Any CPU
		{679B7244-EDD0-4205-BE01-80056F777A6F}.Debug|Any CPU.Build.0 = Debug|Any CPU
		{679B7244-EDD0-4205-BE01-80056F777A6F}.Release|Any CPU.ActiveCfg = Release|Any CPU
		{679B7244-EDD0-4205-BE01-80056F777A6F}.Release|Any CPU.Build.0 = Release|Any CPU
		{A5127E5D-E0EA-4FF6-B88D-6EF5244F26B1}.Debug|Any CPU.ActiveCfg = Debug|Any CPU
		{A5127E5D-E0EA-4FF6-B88D-6EF5244F26B1}.Debug|Any CPU.Build.0 = Debug|Any CPU
		{A5127E5D-E0EA-4FF6-B88D-6EF5244F26B1}.Release|Any CPU.ActiveCfg = Release|Any CPU
		{A5127E5D-E0EA-4FF6-B88D-6EF5244F26B1}.Release|Any CPU.Build.0 = Release|Any CPU
		{2B956497-48E4-4FFC-B031-D7736751157A}.Debug|Any CPU.ActiveCfg = Debug|Any CPU
		{2B956497-48E4-4FFC-B031-D7736751157A}.Debug|Any CPU.Build.0 = Debug|Any CPU
		{2B956497-48E4-4FFC-B031-D7736751157A}.Release|Any CPU.ActiveCfg = Release|Any CPU
		{2B956497-48E4-4FFC-B031-D7736751157A}.Release|Any CPU.Build.0 = Release|Any CPU
	EndGlobalSection
	GlobalSection(SolutionProperties) = preSolution
		HideSolutionNode = FALSE
	EndGlobalSection
	GlobalSection(ExtensibilityGlobals) = postSolution
		SolutionGuid = {08F115B7-EA6A-43DE-B647-340123E52FEA}
	EndGlobalSection
EndGlobal
